// !$*UTF8*$!
{
	archiveVersion = 1;
	classes = {
	};
	objectVersion = 48;
	objects = {

/* Begin PBXBuildFile section */
		185305F22060FAB600F6401B /* AppDelegate.swift in Sources */ = {isa = PBXBuildFile; fileRef = 185305F12060FAB600F6401B /* AppDelegate.swift */; };
		185305F42060FAB600F6401B /* ViewController.swift in Sources */ = {isa = PBXBuildFile; fileRef = 185305F32060FAB600F6401B /* ViewController.swift */; };
		185305F72060FAB600F6401B /* Main.storyboard in Resources */ = {isa = PBXBuildFile; fileRef = 185305F52060FAB600F6401B /* Main.storyboard */; };
		185305F92060FAB600F6401B /* Assets.xcassets in Resources */ = {isa = PBXBuildFile; fileRef = 185305F82060FAB600F6401B /* Assets.xcassets */; };
		185305FC2060FAB600F6401B /* LaunchScreen.storyboard in Resources */ = {isa = PBXBuildFile; fileRef = 185305FA2060FAB600F6401B /* LaunchScreen.storyboard */; };
		185306072060FAB600F6401B /* PoppingTests.swift in Sources */ = {isa = PBXBuildFile; fileRef = 185306062060FAB600F6401B /* PoppingTests.swift */; };
		185306122060FAB600F6401B /* PoppingUITests.swift in Sources */ = {isa = PBXBuildFile; fileRef = 185306112060FAB600F6401B /* PoppingUITests.swift */; };
		185306202060FB5E00F6401B /* RootViewController.swift in Sources */ = {isa = PBXBuildFile; fileRef = 1853061F2060FB5E00F6401B /* RootViewController.swift */; };
		1853062E2061024300F6401B /* MenuTableViewCell.swift in Sources */ = {isa = PBXBuildFile; fileRef = 1853062D2061024300F6401B /* MenuTableViewCell.swift */; };
		185306302061053800F6401B /* ButtonViewController.swift in Sources */ = {isa = PBXBuildFile; fileRef = 1853062F2061053800F6401B /* ButtonViewController.swift */; };
		185306322061054900F6401B /* PaperButtonViewController.swift in Sources */ = {isa = PBXBuildFile; fileRef = 185306312061054900F6401B /* PaperButtonViewController.swift */; };
		185306342061057100F6401B /* PasswordViewController.swift in Sources */ = {isa = PBXBuildFile; fileRef = 185306332061057100F6401B /* PasswordViewController.swift */; };
		185306362061058400F6401B /* ConstraintsViewController.swift in Sources */ = {isa = PBXBuildFile; fileRef = 185306352061058400F6401B /* ConstraintsViewController.swift */; };
		185306382061058F00F6401B /* CircleViewController.swift in Sources */ = {isa = PBXBuildFile; fileRef = 185306372061058F00F6401B /* CircleViewController.swift */; };
		1853063A2061059900F6401B /* DecayViewController.swift in Sources */ = {isa = PBXBuildFile; fileRef = 185306392061059900F6401B /* DecayViewController.swift */; };
		1853063C206105A500F6401B /* FoldingViewController.swift in Sources */ = {isa = PBXBuildFile; fileRef = 1853063B206105A500F6401B /* FoldingViewController.swift */; };
		1853063E206105B000F6401B /* ImageViewController.swift in Sources */ = {isa = PBXBuildFile; fileRef = 1853063D206105B000F6401B /* ImageViewController.swift */; };
		18530640206105BB00F6401B /* CustomTransitionViewController.swift in Sources */ = {isa = PBXBuildFile; fileRef = 1853063F206105BB00F6401B /* CustomTransitionViewController.swift */; };
		18A24FFA206207D600849D78 /* FlatButton.swift in Sources */ = {isa = PBXBuildFile; fileRef = 18A24FF9206207D600849D78 /* FlatButton.swift */; };
		1F12E8F7FBAD8ADADC5F016D /* libPods-Popping.a in Frameworks */ = {isa = PBXBuildFile; fileRef = B877DAE671FACB25A505ABF1 /* libPods-Popping.a */; };
/* End PBXBuildFile section */

/* Begin PBXContainerItemProxy section */
		185306032060FAB600F6401B /* PBXContainerItemProxy */ = {
			isa = PBXContainerItemProxy;
			containerPortal = 185305E62060FAB600F6401B /* Project object */;
			proxyType = 1;
			remoteGlobalIDString = 185305ED2060FAB600F6401B;
			remoteInfo = Popping;
		};
		1853060E2060FAB600F6401B /* PBXContainerItemProxy */ = {
			isa = PBXContainerItemProxy;
			containerPortal = 185305E62060FAB600F6401B /* Project object */;
			proxyType = 1;
			remoteGlobalIDString = 185305ED2060FAB600F6401B;
			remoteInfo = Popping;
		};
/* End PBXContainerItemProxy section */

/* Begin PBXFileReference section */
		185305EE2060FAB600F6401B /* Popping.app */ = {isa = PBXFileReference; explicitFileType = wrapper.application; includeInIndex = 0; path = Popping.app; sourceTree = BUILT_PRODUCTS_DIR; };
		185305F12060FAB600F6401B /* AppDelegate.swift */ = {isa = PBXFileReference; lastKnownFileType = sourcecode.swift; path = AppDelegate.swift; sourceTree = "<group>"; };
		185305F32060FAB600F6401B /* ViewController.swift */ = {isa = PBXFileReference; lastKnownFileType = sourcecode.swift; path = ViewController.swift; sourceTree = "<group>"; };
		185305F62060FAB600F6401B /* Base */ = {isa = PBXFileReference; lastKnownFileType = file.storyboard; name = Base; path = Base.lproj/Main.storyboard; sourceTree = "<group>"; };
		185305F82060FAB600F6401B /* Assets.xcassets */ = {isa = PBXFileReference; lastKnownFileType = folder.assetcatalog; path = Assets.xcassets; sourceTree = "<group>"; };
		185305FB2060FAB600F6401B /* Base */ = {isa = PBXFileReference; lastKnownFileType = file.storyboard; name = Base; path = Base.lproj/LaunchScreen.storyboard; sourceTree = "<group>"; };
		185305FD2060FAB600F6401B /* Info.plist */ = {isa = PBXFileReference; lastKnownFileType = text.plist.xml; path = Info.plist; sourceTree = "<group>"; };
		185306022060FAB600F6401B /* PoppingTests.xctest */ = {isa = PBXFileReference; explicitFileType = wrapper.cfbundle; includeInIndex = 0; path = PoppingTests.xctest; sourceTree = BUILT_PRODUCTS_DIR; };
		185306062060FAB600F6401B /* PoppingTests.swift */ = {isa = PBXFileReference; lastKnownFileType = sourcecode.swift; path = PoppingTests.swift; sourceTree = "<group>"; };
		185306082060FAB600F6401B /* Info.plist */ = {isa = PBXFileReference; lastKnownFileType = text.plist.xml; path = Info.plist; sourceTree = "<group>"; };
		1853060D2060FAB600F6401B /* PoppingUITests.xctest */ = {isa = PBXFileReference; explicitFileType = wrapper.cfbundle; includeInIndex = 0; path = PoppingUITests.xctest; sourceTree = BUILT_PRODUCTS_DIR; };
		185306112060FAB600F6401B /* PoppingUITests.swift */ = {isa = PBXFileReference; lastKnownFileType = sourcecode.swift; path = PoppingUITests.swift; sourceTree = "<group>"; };
		185306132060FAB600F6401B /* Info.plist */ = {isa = PBXFileReference; lastKnownFileType = text.plist.xml; path = Info.plist; sourceTree = "<group>"; };
		1853061F2060FB5E00F6401B /* RootViewController.swift */ = {isa = PBXFileReference; lastKnownFileType = sourcecode.swift; path = RootViewController.swift; sourceTree = "<group>"; };
		1853062D2061024300F6401B /* MenuTableViewCell.swift */ = {isa = PBXFileReference; lastKnownFileType = sourcecode.swift; path = MenuTableViewCell.swift; sourceTree = "<group>"; };
		1853062F2061053800F6401B /* ButtonViewController.swift */ = {isa = PBXFileReference; lastKnownFileType = sourcecode.swift; path = ButtonViewController.swift; sourceTree = "<group>"; };
		185306312061054900F6401B /* PaperButtonViewController.swift */ = {isa = PBXFileReference; lastKnownFileType = sourcecode.swift; path = PaperButtonViewController.swift; sourceTree = "<group>"; };
		185306332061057100F6401B /* PasswordViewController.swift */ = {isa = PBXFileReference; lastKnownFileType = sourcecode.swift; path = PasswordViewController.swift; sourceTree = "<group>"; };
		185306352061058400F6401B /* ConstraintsViewController.swift */ = {isa = PBXFileReference; lastKnownFileType = sourcecode.swift; path = ConstraintsViewController.swift; sourceTree = "<group>"; };
		185306372061058F00F6401B /* CircleViewController.swift */ = {isa = PBXFileReference; lastKnownFileType = sourcecode.swift; path = CircleViewController.swift; sourceTree = "<group>"; };
		185306392061059900F6401B /* DecayViewController.swift */ = {isa = PBXFileReference; lastKnownFileType = sourcecode.swift; path = DecayViewController.swift; sourceTree = "<group>"; };
		1853063B206105A500F6401B /* FoldingViewController.swift */ = {isa = PBXFileReference; lastKnownFileType = sourcecode.swift; path = FoldingViewController.swift; sourceTree = "<group>"; };
		1853063D206105B000F6401B /* ImageViewController.swift */ = {isa = PBXFileReference; lastKnownFileType = sourcecode.swift; path = ImageViewController.swift; sourceTree = "<group>"; };
		1853063F206105BB00F6401B /* CustomTransitionViewController.swift */ = {isa = PBXFileReference; lastKnownFileType = sourcecode.swift; path = CustomTransitionViewController.swift; sourceTree = "<group>"; };
		18A24FF9206207D600849D78 /* FlatButton.swift */ = {isa = PBXFileReference; lastKnownFileType = sourcecode.swift; path = FlatButton.swift; sourceTree = "<group>"; };
		18A24FFB20620CF300849D78 /* Popping-Bridging-Header.h */ = {isa = PBXFileReference; lastKnownFileType = sourcecode.c.h; path = "Popping-Bridging-Header.h"; sourceTree = "<group>"; };
		6CDF8DCDED5DBA3EED03DD43 /* Pods-Popping.release.xcconfig */ = {isa = PBXFileReference; includeInIndex = 1; lastKnownFileType = text.xcconfig; name = "Pods-Popping.release.xcconfig"; path = "Pods/Target Support Files/Pods-Popping/Pods-Popping.release.xcconfig"; sourceTree = "<group>"; };
		A3A7244F2FFFF5AC5D5302DC /* Pods-Popping.debug.xcconfig */ = {isa = PBXFileReference; includeInIndex = 1; lastKnownFileType = text.xcconfig; name = "Pods-Popping.debug.xcconfig"; path = "Pods/Target Support Files/Pods-Popping/Pods-Popping.debug.xcconfig"; sourceTree = "<group>"; };
		B877DAE671FACB25A505ABF1 /* libPods-Popping.a */ = {isa = PBXFileReference; explicitFileType = archive.ar; includeInIndex = 0; path = "libPods-Popping.a"; sourceTree = BUILT_PRODUCTS_DIR; };
/* End PBXFileReference section */

/* Begin PBXFrameworksBuildPhase section */
		185305EB2060FAB600F6401B /* Frameworks */ = {
			isa = PBXFrameworksBuildPhase;
			buildActionMask = 2147483647;
			files = (
				1F12E8F7FBAD8ADADC5F016D /* libPods-Popping.a in Frameworks */,
			);
			runOnlyForDeploymentPostprocessing = 0;
		};
		185305FF2060FAB600F6401B /* Frameworks */ = {
			isa = PBXFrameworksBuildPhase;
			buildActionMask = 2147483647;
			files = (
			);
			runOnlyForDeploymentPostprocessing = 0;
		};
		1853060A2060FAB600F6401B /* Frameworks */ = {
			isa = PBXFrameworksBuildPhase;
			buildActionMask = 2147483647;
			files = (
			);
			runOnlyForDeploymentPostprocessing = 0;
		};
/* End PBXFrameworksBuildPhase section */

/* Begin PBXGroup section */
		185305E52060FAB600F6401B = {
			isa = PBXGroup;
			children = (
				185305F02060FAB600F6401B /* Popping */,
				185306052060FAB600F6401B /* PoppingTests */,
				185306102060FAB600F6401B /* PoppingUITests */,
				185305EF2060FAB600F6401B /* Products */,
				C1B021444412FE727222CC52 /* Pods */,
				88487540198E0D473F91D81B /* Frameworks */,
			);
			sourceTree = "<group>";
		};
		185305EF2060FAB600F6401B /* Products */ = {
			isa = PBXGroup;
			children = (
				185305EE2060FAB600F6401B /* Popping.app */,
				185306022060FAB600F6401B /* PoppingTests.xctest */,
				1853060D2060FAB600F6401B /* PoppingUITests.xctest */,
			);
			name = Products;
			sourceTree = "<group>";
		};
		185305F02060FAB600F6401B /* Popping */ = {
			isa = PBXGroup;
			children = (
				185305F12060FAB600F6401B /* AppDelegate.swift */,
				185305F32060FAB600F6401B /* ViewController.swift */,
				1853061F2060FB5E00F6401B /* RootViewController.swift */,
				18A24FF8206207AB00849D78 /* Views */,
				1853062C2061022300F6401B /* Cells */,
				1853062B206101C600F6401B /* ViewController */,
				185305F52060FAB600F6401B /* Main.storyboard */,
				185305F82060FAB600F6401B /* Assets.xcassets */,
				185305FA2060FAB600F6401B /* LaunchScreen.storyboard */,
				185305FD2060FAB600F6401B /* Info.plist */,
				18A24FFB20620CF300849D78 /* Popping-Bridging-Header.h */,
			);
			path = Popping;
			sourceTree = "<group>";
		};
		185306052060FAB600F6401B /* PoppingTests */ = {
			isa = PBXGroup;
			children = (
				185306062060FAB600F6401B /* PoppingTests.swift */,
				185306082060FAB600F6401B /* Info.plist */,
			);
			path = PoppingTests;
			sourceTree = "<group>";
		};
		185306102060FAB600F6401B /* PoppingUITests */ = {
			isa = PBXGroup;
			children = (
				185306112060FAB600F6401B /* PoppingUITests.swift */,
				185306132060FAB600F6401B /* Info.plist */,
			);
			path = PoppingUITests;
			sourceTree = "<group>";
		};
		18530621206100FE00F6401B /* ButtonViewController */ = {
			isa = PBXGroup;
			children = (
				1853062F2061053800F6401B /* ButtonViewController.swift */,
			);
			path = ButtonViewController;
			sourceTree = "<group>";
		};
		185306232061013700F6401B /* ImageViewController */ = {
			isa = PBXGroup;
			children = (
				1853063D206105B000F6401B /* ImageViewController.swift */,
			);
			path = ImageViewController;
			sourceTree = "<group>";
		};
		185306242061014600F6401B /* PaperButtonViewController */ = {
			isa = PBXGroup;
			children = (
				185306312061054900F6401B /* PaperButtonViewController.swift */,
			);
			path = PaperButtonViewController;
			sourceTree = "<group>";
		};
		185306252061015500F6401B /* CustomTransitionViewController */ = {
			isa = PBXGroup;
			children = (
				1853063F206105BB00F6401B /* CustomTransitionViewController.swift */,
			);
			path = CustomTransitionViewController;
			sourceTree = "<group>";
		};
		185306262061015D00F6401B /* PasswordViewController */ = {
			isa = PBXGroup;
			children = (
				185306332061057100F6401B /* PasswordViewController.swift */,
			);
			path = PasswordViewController;
			sourceTree = "<group>";
		};
		185306272061016700F6401B /* ConstraintsViewController */ = {
			isa = PBXGroup;
			children = (
				185306352061058400F6401B /* ConstraintsViewController.swift */,
			);
			path = ConstraintsViewController;
			sourceTree = "<group>";
		};
		185306282061017700F6401B /* CircleViewController */ = {
			isa = PBXGroup;
			children = (
				185306372061058F00F6401B /* CircleViewController.swift */,
			);
			path = CircleViewController;
			sourceTree = "<group>";
		};
		185306292061018000F6401B /* DecayViewController */ = {
			isa = PBXGroup;
			children = (
				185306392061059900F6401B /* DecayViewController.swift */,
			);
			path = DecayViewController;
			sourceTree = "<group>";
		};
		1853062A2061018700F6401B /* FoldingViewController */ = {
			isa = PBXGroup;
			children = (
				1853063B206105A500F6401B /* FoldingViewController.swift */,
			);
			path = FoldingViewController;
			sourceTree = "<group>";
		};
		1853062B206101C600F6401B /* ViewController */ = {
			isa = PBXGroup;
			children = (
				18530621206100FE00F6401B /* ButtonViewController */,
				185306242061014600F6401B /* PaperButtonViewController */,
				185306262061015D00F6401B /* PasswordViewController */,
				185306272061016700F6401B /* ConstraintsViewController */,
				185306282061017700F6401B /* CircleViewController */,
				185306292061018000F6401B /* DecayViewController */,
				1853062A2061018700F6401B /* FoldingViewController */,
				185306232061013700F6401B /* ImageViewController */,
				185306252061015500F6401B /* CustomTransitionViewController */,
			);
			path = ViewController;
			sourceTree = "<group>";
		};
		1853062C2061022300F6401B /* Cells */ = {
			isa = PBXGroup;
			children = (
				1853062D2061024300F6401B /* MenuTableViewCell.swift */,
			);
			path = Cells;
			sourceTree = "<group>";
		};
		18A24FF8206207AB00849D78 /* Views */ = {
			isa = PBXGroup;
			children = (
				18A24FF9206207D600849D78 /* FlatButton.swift */,
			);
			path = Views;
			sourceTree = "<group>";
		};
		88487540198E0D473F91D81B /* Frameworks */ = {
			isa = PBXGroup;
			children = (
				B877DAE671FACB25A505ABF1 /* libPods-Popping.a */,
			);
			name = Frameworks;
			sourceTree = "<group>";
		};
		C1B021444412FE727222CC52 /* Pods */ = {
			isa = PBXGroup;
			children = (
				A3A7244F2FFFF5AC5D5302DC /* Pods-Popping.debug.xcconfig */,
				6CDF8DCDED5DBA3EED03DD43 /* Pods-Popping.release.xcconfig */,
			);
			name = Pods;
			sourceTree = "<group>";
		};
/* End PBXGroup section */

/* Begin PBXNativeTarget section */
		185305ED2060FAB600F6401B /* Popping */ = {
			isa = PBXNativeTarget;
			buildConfigurationList = 185306162060FAB600F6401B /* Build configuration list for PBXNativeTarget "Popping" */;
			buildPhases = (
				8D803D09CDFDEAD9035DB4D8 /* [CP] Check Pods Manifest.lock */,
				185305EA2060FAB600F6401B /* Sources */,
				185305EB2060FAB600F6401B /* Frameworks */,
				185305EC2060FAB600F6401B /* Resources */,
				388A78B660D2A787BC1A3B37 /* [CP] Embed Pods Frameworks */,
				AD00F894356675EB9F66E870 /* [CP] Copy Pods Resources */,
			);
			buildRules = (
			);
			dependencies = (
			);
			name = Popping;
			productName = Popping;
			productReference = 185305EE2060FAB600F6401B /* Popping.app */;
			productType = "com.apple.product-type.application";
		};
		185306012060FAB600F6401B /* PoppingTests */ = {
			isa = PBXNativeTarget;
			buildConfigurationList = 185306192060FAB600F6401B /* Build configuration list for PBXNativeTarget "PoppingTests" */;
			buildPhases = (
				185305FE2060FAB600F6401B /* Sources */,
				185305FF2060FAB600F6401B /* Frameworks */,
				185306002060FAB600F6401B /* Resources */,
			);
			buildRules = (
			);
			dependencies = (
				185306042060FAB600F6401B /* PBXTargetDependency */,
			);
			name = PoppingTests;
			productName = PoppingTests;
			productReference = 185306022060FAB600F6401B /* PoppingTests.xctest */;
			productType = "com.apple.product-type.bundle.unit-test";
		};
		1853060C2060FAB600F6401B /* PoppingUITests */ = {
			isa = PBXNativeTarget;
			buildConfigurationList = 1853061C2060FAB600F6401B /* Build configuration list for PBXNativeTarget "PoppingUITests" */;
			buildPhases = (
				185306092060FAB600F6401B /* Sources */,
				1853060A2060FAB600F6401B /* Frameworks */,
				1853060B2060FAB600F6401B /* Resources */,
			);
			buildRules = (
			);
			dependencies = (
				1853060F2060FAB600F6401B /* PBXTargetDependency */,
			);
			name = PoppingUITests;
			productName = PoppingUITests;
			productReference = 1853060D2060FAB600F6401B /* PoppingUITests.xctest */;
			productType = "com.apple.product-type.bundle.ui-testing";
		};
/* End PBXNativeTarget section */

/* Begin PBXProject section */
		185305E62060FAB600F6401B /* Project object */ = {
			isa = PBXProject;
			attributes = {
				LastSwiftUpdateCheck = 0920;
				LastUpgradeCheck = 0920;
				ORGANIZATIONNAME = Apple;
				TargetAttributes = {
					185305ED2060FAB600F6401B = {
						CreatedOnToolsVersion = 9.2;
						LastSwiftMigration = 0920;
						ProvisioningStyle = Automatic;
					};
					185306012060FAB600F6401B = {
						CreatedOnToolsVersion = 9.2;
						ProvisioningStyle = Automatic;
						TestTargetID = 185305ED2060FAB600F6401B;
					};
					1853060C2060FAB600F6401B = {
						CreatedOnToolsVersion = 9.2;
						ProvisioningStyle = Automatic;
						TestTargetID = 185305ED2060FAB600F6401B;
					};
				};
			};
			buildConfigurationList = 185305E92060FAB600F6401B /* Build configuration list for PBXProject "Popping" */;
			compatibilityVersion = "Xcode 8.0";
			developmentRegion = en;
			hasScannedForEncodings = 0;
			knownRegions = (
				en,
				Base,
			);
			mainGroup = 185305E52060FAB600F6401B;
			productRefGroup = 185305EF2060FAB600F6401B /* Products */;
			projectDirPath = "";
			projectRoot = "";
			targets = (
				185305ED2060FAB600F6401B /* Popping */,
				185306012060FAB600F6401B /* PoppingTests */,
				1853060C2060FAB600F6401B /* PoppingUITests */,
			);
		};
/* End PBXProject section */

/* Begin PBXResourcesBuildPhase section */
		185305EC2060FAB600F6401B /* Resources */ = {
			isa = PBXResourcesBuildPhase;
			buildActionMask = 2147483647;
			files = (
				185305FC2060FAB600F6401B /* LaunchScreen.storyboard in Resources */,
				185305F92060FAB600F6401B /* Assets.xcassets in Resources */,
				185305F72060FAB600F6401B /* Main.storyboard in Resources */,
			);
			runOnlyForDeploymentPostprocessing = 0;
		};
		185306002060FAB600F6401B /* Resources */ = {
			isa = PBXResourcesBuildPhase;
			buildActionMask = 2147483647;
			files = (
			);
			runOnlyForDeploymentPostprocessing = 0;
		};
		1853060B2060FAB600F6401B /* Resources */ = {
			isa = PBXResourcesBuildPhase;
			buildActionMask = 2147483647;
			files = (
			);
			runOnlyForDeploymentPostprocessing = 0;
		};
/* End PBXResourcesBuildPhase section */

/* Begin PBXShellScriptBuildPhase section */
		388A78B660D2A787BC1A3B37 /* [CP] Embed Pods Frameworks */ = {
			isa = PBXShellScriptBuildPhase;
			buildActionMask = 2147483647;
			files = (
			);
			inputPaths = (
			);
			name = "[CP] Embed Pods Frameworks";
			outputPaths = (
			);
			runOnlyForDeploymentPostprocessing = 0;
			shellPath = /bin/sh;
			shellScript = "\"${SRCROOT}/Pods/Target Support Files/Pods-Popping/Pods-Popping-frameworks.sh\"\n";
			showEnvVarsInLog = 0;
		};
		8D803D09CDFDEAD9035DB4D8 /* [CP] Check Pods Manifest.lock */ = {
			isa = PBXShellScriptBuildPhase;
			buildActionMask = 2147483647;
			files = (
			);
			inputPaths = (
				"${PODS_PODFILE_DIR_PATH}/Podfile.lock",
				"${PODS_ROOT}/Manifest.lock",
			);
			name = "[CP] Check Pods Manifest.lock";
			outputPaths = (
				"$(DERIVED_FILE_DIR)/Pods-Popping-checkManifestLockResult.txt",
			);
			runOnlyForDeploymentPostprocessing = 0;
			shellPath = /bin/sh;
			shellScript = "diff \"${PODS_PODFILE_DIR_PATH}/Podfile.lock\" \"${PODS_ROOT}/Manifest.lock\" > /dev/null\nif [ $? != 0 ] ; then\n    # print error to STDERR\n    echo \"error: The sandbox is not in sync with the Podfile.lock. Run 'pod install' or update your CocoaPods installation.\" >&2\n    exit 1\nfi\n# This output is used by Xcode 'outputs' to avoid re-running this script phase.\necho \"SUCCESS\" > \"${SCRIPT_OUTPUT_FILE_0}\"\n";
			showEnvVarsInLog = 0;
		};
		AD00F894356675EB9F66E870 /* [CP] Copy Pods Resources */ = {
			isa = PBXShellScriptBuildPhase;
			buildActionMask = 2147483647;
			files = (
			);
			inputPaths = (
			);
			name = "[CP] Copy Pods Resources";
			outputPaths = (
			);
			runOnlyForDeploymentPostprocessing = 0;
			shellPath = /bin/sh;
			shellScript = "\"${SRCROOT}/Pods/Target Support Files/Pods-Popping/Pods-Popping-resources.sh\"\n";
			showEnvVarsInLog = 0;
		};
/* End PBXShellScriptBuildPhase section */

/* Begin PBXSourcesBuildPhase section */
		185305EA2060FAB600F6401B /* Sources */ = {
			isa = PBXSourcesBuildPhase;
			buildActionMask = 2147483647;
			files = (
				185305F42060FAB600F6401B /* ViewController.swift in Sources */,
				185306362061058400F6401B /* ConstraintsViewController.swift in Sources */,
				185306382061058F00F6401B /* CircleViewController.swift in Sources */,
				18530640206105BB00F6401B /* CustomTransitionViewController.swift in Sources */,
				18A24FFA206207D600849D78 /* FlatButton.swift in Sources */,
				185306322061054900F6401B /* PaperButtonViewController.swift in Sources */,
				1853063C206105A500F6401B /* FoldingViewController.swift in Sources */,
				185305F22060FAB600F6401B /* AppDelegate.swift in Sources */,
				185306342061057100F6401B /* PasswordViewController.swift in Sources */,
				1853062E2061024300F6401B /* MenuTableViewCell.swift in Sources */,
				1853063A2061059900F6401B /* DecayViewController.swift in Sources */,
				185306302061053800F6401B /* ButtonViewController.swift in Sources */,
				1853063E206105B000F6401B /* ImageViewController.swift in Sources */,
				185306202060FB5E00F6401B /* RootViewController.swift in Sources */,
			);
			runOnlyForDeploymentPostprocessing = 0;
		};
		185305FE2060FAB600F6401B /* Sources */ = {
			isa = PBXSourcesBuildPhase;
			buildActionMask = 2147483647;
			files = (
				185306072060FAB600F6401B /* PoppingTests.swift in Sources */,
			);
			runOnlyForDeploymentPostprocessing = 0;
		};
		185306092060FAB600F6401B /* Sources */ = {
			isa = PBXSourcesBuildPhase;
			buildActionMask = 2147483647;
			files = (
				185306122060FAB600F6401B /* PoppingUITests.swift in Sources */,
			);
			runOnlyForDeploymentPostprocessing = 0;
		};
/* End PBXSourcesBuildPhase section */

/* Begin PBXTargetDependency section */
		185306042060FAB600F6401B /* PBXTargetDependency */ = {
			isa = PBXTargetDependency;
			target = 185305ED2060FAB600F6401B /* Popping */;
			targetProxy = 185306032060FAB600F6401B /* PBXContainerItemProxy */;
		};
		1853060F2060FAB600F6401B /* PBXTargetDependency */ = {
			isa = PBXTargetDependency;
			target = 185305ED2060FAB600F6401B /* Popping */;
			targetProxy = 1853060E2060FAB600F6401B /* PBXContainerItemProxy */;
		};
/* End PBXTargetDependency section */

/* Begin PBXVariantGroup section */
		185305F52060FAB600F6401B /* Main.storyboard */ = {
			isa = PBXVariantGroup;
			children = (
				185305F62060FAB600F6401B /* Base */,
			);
			name = Main.storyboard;
			sourceTree = "<group>";
		};
		185305FA2060FAB600F6401B /* LaunchScreen.storyboard */ = {
			isa = PBXVariantGroup;
			children = (
				185305FB2060FAB600F6401B /* Base */,
			);
			name = LaunchScreen.storyboard;
			sourceTree = "<group>";
		};
/* End PBXVariantGroup section */

/* Begin XCBuildConfiguration section */
		185306142060FAB600F6401B /* Debug */ = {
			isa = XCBuildConfiguration;
			buildSettings = {
				ALWAYS_SEARCH_USER_PATHS = NO;
				CLANG_ANALYZER_NONNULL = YES;
				CLANG_ANALYZER_NUMBER_OBJECT_CONVERSION = YES_AGGRESSIVE;
				CLANG_CXX_LANGUAGE_STANDARD = "gnu++14";
				CLANG_CXX_LIBRARY = "libc++";
				CLANG_ENABLE_MODULES = YES;
				CLANG_ENABLE_OBJC_ARC = YES;
				CLANG_WARN_BLOCK_CAPTURE_AUTORELEASING = YES;
				CLANG_WARN_BOOL_CONVERSION = YES;
				CLANG_WARN_COMMA = YES;
				CLANG_WARN_CONSTANT_CONVERSION = YES;
				CLANG_WARN_DIRECT_OBJC_ISA_USAGE = YES_ERROR;
				CLANG_WARN_DOCUMENTATION_COMMENTS = YES;
				CLANG_WARN_EMPTY_BODY = YES;
				CLANG_WARN_ENUM_CONVERSION = YES;
				CLANG_WARN_INFINITE_RECURSION = YES;
				CLANG_WARN_INT_CONVERSION = YES;
				CLANG_WARN_NON_LITERAL_NULL_CONVERSION = YES;
				CLANG_WARN_OBJC_LITERAL_CONVERSION = YES;
				CLANG_WARN_OBJC_ROOT_CLASS = YES_ERROR;
				CLANG_WARN_RANGE_LOOP_ANALYSIS = YES;
				CLANG_WARN_STRICT_PROTOTYPES = YES;
				CLANG_WARN_SUSPICIOUS_MOVE = YES;
				CLANG_WARN_UNGUARDED_AVAILABILITY = YES_AGGRESSIVE;
				CLANG_WARN_UNREACHABLE_CODE = YES;
				CLANG_WARN__DUPLICATE_METHOD_MATCH = YES;
				CODE_SIGN_IDENTITY = "iPhone Developer";
				COPY_PHASE_STRIP = NO;
				DEBUG_INFORMATION_FORMAT = dwarf;
				ENABLE_STRICT_OBJC_MSGSEND = YES;
				ENABLE_TESTABILITY = YES;
				GCC_C_LANGUAGE_STANDARD = gnu11;
				GCC_DYNAMIC_NO_PIC = NO;
				GCC_NO_COMMON_BLOCKS = YES;
				GCC_OPTIMIZATION_LEVEL = 0;
				GCC_PREPROCESSOR_DEFINITIONS = (
					"DEBUG=1",
					"$(inherited)",
				);
				GCC_WARN_64_TO_32_BIT_CONVERSION = YES;
				GCC_WARN_ABOUT_RETURN_TYPE = YES_ERROR;
				GCC_WARN_UNDECLARED_SELECTOR = YES;
				GCC_WARN_UNINITIALIZED_AUTOS = YES_AGGRESSIVE;
				GCC_WARN_UNUSED_FUNCTION = YES;
				GCC_WARN_UNUSED_VARIABLE = YES;
				IPHONEOS_DEPLOYMENT_TARGET = 11.2;
				MTL_ENABLE_DEBUG_INFO = YES;
				ONLY_ACTIVE_ARCH = YES;
				SDKROOT = iphoneos;
				SWIFT_ACTIVE_COMPILATION_CONDITIONS = DEBUG;
				SWIFT_OPTIMIZATION_LEVEL = "-Onone";
			};
			name = Debug;
		};
		185306152060FAB600F6401B /* Release */ = {
			isa = XCBuildConfiguration;
			buildSettings = {
				ALWAYS_SEARCH_USER_PATHS = NO;
				CLANG_ANALYZER_NONNULL = YES;
				CLANG_ANALYZER_NUMBER_OBJECT_CONVERSION = YES_AGGRESSIVE;
				CLANG_CXX_LANGUAGE_STANDARD = "gnu++14";
				CLANG_CXX_LIBRARY = "libc++";
				CLANG_ENABLE_MODULES = YES;
				CLANG_ENABLE_OBJC_ARC = YES;
				CLANG_WARN_BLOCK_CAPTURE_AUTORELEASING = YES;
				CLANG_WARN_BOOL_CONVERSION = YES;
				CLANG_WARN_COMMA = YES;
				CLANG_WARN_CONSTANT_CONVERSION = YES;
				CLANG_WARN_DIRECT_OBJC_ISA_USAGE = YES_ERROR;
				CLANG_WARN_DOCUMENTATION_COMMENTS = YES;
				CLANG_WARN_EMPTY_BODY = YES;
				CLANG_WARN_ENUM_CONVERSION = YES;
				CLANG_WARN_INFINITE_RECURSION = YES;
				CLANG_WARN_INT_CONVERSION = YES;
				CLANG_WARN_NON_LITERAL_NULL_CONVERSION = YES;
				CLANG_WARN_OBJC_LITERAL_CONVERSION = YES;
				CLANG_WARN_OBJC_ROOT_CLASS = YES_ERROR;
				CLANG_WARN_RANGE_LOOP_ANALYSIS = YES;
				CLANG_WARN_STRICT_PROTOTYPES = YES;
				CLANG_WARN_SUSPICIOUS_MOVE = YES;
				CLANG_WARN_UNGUARDED_AVAILABILITY = YES_AGGRESSIVE;
				CLANG_WARN_UNREACHABLE_CODE = YES;
				CLANG_WARN__DUPLICATE_METHOD_MATCH = YES;
				CODE_SIGN_IDENTITY = "iPhone Developer";
				COPY_PHASE_STRIP = NO;
				DEBUG_INFORMATION_FORMAT = "dwarf-with-dsym";
				ENABLE_NS_ASSERTIONS = NO;
				ENABLE_STRICT_OBJC_MSGSEND = YES;
				GCC_C_LANGUAGE_STANDARD = gnu11;
				GCC_NO_COMMON_BLOCKS = YES;
				GCC_WARN_64_TO_32_BIT_CONVERSION = YES;
				GCC_WARN_ABOUT_RETURN_TYPE = YES_ERROR;
				GCC_WARN_UNDECLARED_SELECTOR = YES;
				GCC_WARN_UNINITIALIZED_AUTOS = YES_AGGRESSIVE;
				GCC_WARN_UNUSED_FUNCTION = YES;
				GCC_WARN_UNUSED_VARIABLE = YES;
				IPHONEOS_DEPLOYMENT_TARGET = 11.2;
				MTL_ENABLE_DEBUG_INFO = NO;
				SDKROOT = iphoneos;
				SWIFT_OPTIMIZATION_LEVEL = "-Owholemodule";
				VALIDATE_PRODUCT = YES;
			};
			name = Release;
		};
		185306172060FAB600F6401B /* Debug */ = {
			isa = XCBuildConfiguration;
			baseConfigurationReference = A3A7244F2FFFF5AC5D5302DC /* Pods-Popping.debug.xcconfig */;
			buildSettings = {
				ASSETCATALOG_COMPILER_APPICON_NAME = AppIcon;
				CLANG_ENABLE_MODULES = YES;
				CODE_SIGN_STYLE = Automatic;
				INFOPLIST_FILE = Popping/Info.plist;
				LD_RUNPATH_SEARCH_PATHS = "$(inherited) @executable_path/Frameworks";
				PRODUCT_BUNDLE_IDENTIFIER = demo.Popping;
				PRODUCT_NAME = "$(TARGET_NAME)";
				SWIFT_OBJC_BRIDGING_HEADER = "Popping/Popping-Bridging-Header.h";
				SWIFT_OPTIMIZATION_LEVEL = "-Onone";
				SWIFT_VERSION = 4.0;
				TARGETED_DEVICE_FAMILY = "1,2";
			};
			name = Debug;
		};
		185306182060FAB600F6401B /* Release */ = {
			isa = XCBuildConfiguration;
			baseConfigurationReference = 6CDF8DCDED5DBA3EED03DD43 /* Pods-Popping.release.xcconfig */;
			buildSettings = {
				ASSETCATALOG_COMPILER_APPICON_NAME = AppIcon;
				CLANG_ENABLE_MODULES = YES;
				CODE_SIGN_STYLE = Automatic;
				INFOPLIST_FILE = Popping/Info.plist;
				LD_RUNPATH_SEARCH_PATHS = "$(inherited) @executable_path/Frameworks";
				PRODUCT_BUNDLE_IDENTIFIER = demo.Popping;
				PRODUCT_NAME = "$(TARGET_NAME)";
				SWIFT_OBJC_BRIDGING_HEADER = "Popping/Popping-Bridging-Header.h";
				SWIFT_VERSION = 4.0;
				TARGETED_DEVICE_FAMILY = "1,2";
			};
			name = Release;
		};
		1853061A2060FAB600F6401B /* Debug */ = {
			isa = XCBuildConfiguration;
			buildSettings = {
				ALWAYS_EMBED_SWIFT_STANDARD_LIBRARIES = YES;
				BUNDLE_LOADER = "$(TEST_HOST)";
				CODE_SIGN_STYLE = Automatic;
				INFOPLIST_FILE = PoppingTests/Info.plist;
				LD_RUNPATH_SEARCH_PATHS = "$(inherited) @executable_path/Frameworks @loader_path/Frameworks";
				PRODUCT_BUNDLE_IDENTIFIER = demo.PoppingTests;
				PRODUCT_NAME = "$(TARGET_NAME)";
				SWIFT_VERSION = 4.0;
				TARGETED_DEVICE_FAMILY = "1,2";
				TEST_HOST = "$(BUILT_PRODUCTS_DIR)/Popping.app/Popping";
			};
			name = Debug;
		};
		1853061B2060FAB600F6401B /* Release */ = {
			isa = XCBuildConfiguration;
			buildSettings = {
				ALWAYS_EMBED_SWIFT_STANDARD_LIBRARIES = YES;
				BUNDLE_LOADER = "$(TEST_HOST)";
				CODE_SIGN_STYLE = Automatic;
				INFOPLIST_FILE = PoppingTests/Info.plist;
				LD_RUNPATH_SEARCH_PATHS = "$(inherited) @executable_path/Frameworks @loader_path/Frameworks";
				PRODUCT_BUNDLE_IDENTIFIER = demo.PoppingTests;
				PRODUCT_NAME = "$(TARGET_NAME)";
				SWIFT_VERSION = 4.0;
				TARGETED_DEVICE_FAMILY = "1,2";
				TEST_HOST = "$(BUILT_PRODUCTS_DIR)/Popping.app/Popping";
			};
			name = Release;
		};
		1853061D2060FAB600F6401B /* Debug */ = {
			isa = XCBuildConfiguration;
			buildSettings = {
				ALWAYS_EMBED_SWIFT_STANDARD_LIBRARIES = YES;
				CODE_SIGN_STYLE = Automatic;
				INFOPLIST_FILE = PoppingUITests/Info.plist;
				LD_RUNPATH_SEARCH_PATHS = "$(inherited) @executable_path/Frameworks @loader_path/Frameworks";
				PRODUCT_BUNDLE_IDENTIFIER = demo.PoppingUITests;
				PRODUCT_NAME = "$(TARGET_NAME)";
				SWIFT_VERSION = 4.0;
				TARGETED_DEVICE_FAMILY = "1,2";
				TEST_TARGET_NAME = Popping;
			};
			name = Debug;
		};
		1853061E2060FAB600F6401B /* Release */ = {
			isa = XCBuildConfiguration;
			buildSettings = {
				ALWAYS_EMBED_SWIFT_STANDARD_LIBRARIES = YES;
				CODE_SIGN_STYLE = Automatic;
				INFOPLIST_FILE = PoppingUITests/Info.plist;
				LD_RUNPATH_SEARCH_PATHS = "$(inherited) @executable_path/Frameworks @loader_path/Frameworks";
				PRODUCT_BUNDLE_IDENTIFIER = demo.PoppingUITests;
				PRODUCT_NAME = "$(TARGET_NAME)";
				SWIFT_VERSION = 4.0;
				TARGETED_DEVICE_FAMILY = "1,2";
				TEST_TARGET_NAME = Popping;
			};
			name = Release;
		};
/* End XCBuildConfiguration section */

/* Begin XCConfigurationList section */
		185305E92060FAB600F6401B /* Build configuration list for PBXProject "Popping" */ = {
			isa = XCConfigurationList;
			buildConfigurations = (
				185306142060FAB600F6401B /* Debug */,
				185306152060FAB600F6401B /* Release */,
			);
			defaultConfigurationIsVisible = 0;
			defaultConfigurationName = Release;
		};
		185306162060FAB600F6401B /* Build configuration list for PBXNativeTarget "Popping" */ = {
			isa = XCConfigurationList;
			buildConfigurations = (
				185306172060FAB600F6401B /* Debug */,
				185306182060FAB600F6401B /* Release */,
			);
			defaultConfigurationIsVisible = 0;
			defaultConfigurationName = Release;
		};
		185306192060FAB600F6401B /* Build configuration list for PBXNativeTarget "PoppingTests" */ = {
			isa = XCConfigurationList;
			buildConfigurations = (
				1853061A2060FAB600F6401B /* Debug */,
				1853061B2060FAB600F6401B /* Release */,
			);
			defaultConfigurationIsVisible = 0;
			defaultConfigurationName = Release;
		};
		1853061C2060FAB600F6401B /* Build configuration list for PBXNativeTarget "PoppingUITests" */ = {
			isa = XCConfigurationList;
			buildConfigurations = (
				1853061D2060FAB600F6401B /* Debug */,
				1853061E2060FAB600F6401B /* Release */,
			);
			defaultConfigurationIsVisible = 0;
			defaultConfigurationName = Release;
		};
/* End XCConfigurationList section */
	};
	rootObject = 185305E62060FAB600F6401B /* Project object */;
}
